<Solution>
  <Project Path="Rulesage.Common/Rulesage.Common.fsproj" />
  <Project Path="Rulesage.DslComposer/Rulesage.DslComposer.csproj" />
  <Project Path="Rulesage.DslRetrieval/Rulesage.DslRetrieval.csproj" />
  <Project Path="Rulesage.Shared/Rulesage.Shared.csproj" />
  <Project Path="Rulesage.Synthesis/Rulesage.Synthesis.csproj" />
</Solution>
